
Microsoft Visual Studio Solution File, Format Version 12.00
# Visual Studio Version 17
VisualStudioVersion = 17.13.35806.99 d17.13
MinimumVisualStudioVersion = 10.0.40219.1
Project("{FAE04EC0-301F-11D3-BF4B-00C04F79EFBC}") = "L4", "L4\L4.csproj", "{4A3AC7A3-6D56-4237-A74A-ED5BC5AFF2AD}"
EndProject
Global
	GlobalSection(SolutionConfigurationPlatforms) = preSolution
		Debug|Any CPU = Debug|Any CPU
		Release|Any CPU = Release|Any CPU
	EndGlobalSection
	GlobalSection(ProjectConfigurationPlatforms) = postSolution
		{4A3AC7A3-6D56-4237-A74A-ED5BC5AFF2AD}.Debug|Any CPU.ActiveCfg = Debug|Any CPU
		{4A3AC7A3-6D56-4237-A74A-ED5BC5AFF2AD}.Debug|Any CPU.Build.0 = Debug|Any CPU
		{4A3AC7A3-6D56-4237-A74A-ED5BC5AFF2AD}.Release|Any CPU.ActiveCfg = Release|Any CPU
		{4A3AC7A3-6D56-4237-A74A-ED5BC5AFF2AD}.Release|Any CPU.Build.0 = Release|Any CPU
	EndGlobalSection
	GlobalSection(SolutionProperties) = preSolution
		HideSolutionNode = FALSE
	EndGlobalSection
	GlobalSection(ExtensibilityGlobals) = postSolution
		SolutionGuid = {03200AFD-0CDC-4304-A960-65696B7E5316}
	EndGlobalSection
EndGlobal
